
Microsoft Visual Studio Solution File, Format Version 12.00
# Visual Studio Version 17
VisualStudioVersion = 17.5.002.0
MinimumVisualStudioVersion = 10.0.40219.1
Project("{9A19103F-16F7-4668-BE54-9A1E7A4F7556}") = "MaranntaApi", "MaranntaApi.csproj", "{05C34B8C-C56D-450F-8114-3CD87BCF3842}"
EndProject
Global
	GlobalSection(SolutionConfigurationPlatforms) = preSolution
		Debug|Any CPU = Debug|Any CPU
		Release|Any CPU = Release|Any CPU
	EndGlobalSection
	GlobalSection(ProjectConfigurationPlatforms) = postSolution
		{05C34B8C-C56D-450F-8114-3CD87BCF3842}.Debug|Any CPU.ActiveCfg = Debug|Any CPU
		{05C34B8C-C56D-450F-8114-3CD87BCF3842}.Debug|Any CPU.Build.0 = Debug|Any CPU
		{05C34B8C-C56D-450F-8114-3CD87BCF3842}.Release|Any CPU.ActiveCfg = Release|Any CPU
		{05C34B8C-C56D-450F-8114-3CD87BCF3842}.Release|Any CPU.Build.0 = Release|Any CPU
	EndGlobalSection
	GlobalSection(SolutionProperties) = preSolution
		HideSolutionNode = FALSE
	EndGlobalSection
	GlobalSection(ExtensibilityGlobals) = postSolution
		SolutionGuid = {237A8AA5-1B95-40FA-A0A7-7486145EDFA7}
	EndGlobalSection
EndGlobal
